// !$*UTF8*$!
{
	archiveVersion = 1;
	classes = {
	};
	objectVersion = 50;
	objects = {

/* Begin PBXBuildFile section */
		226761C9229564C70027CB26 /* AppDelegate.swift in Sources */ = {isa = PBXBuildFile; fileRef = 226761C8229564C70027CB26 /* AppDelegate.swift */; };
		226761CB229564C70027CB26 /* ViewController.swift in Sources */ = {isa = PBXBuildFile; fileRef = 226761CA229564C70027CB26 /* ViewController.swift */; };
		226761CE229564C70027CB26 /* Main.storyboard in Resources */ = {isa = PBXBuildFile; fileRef = 226761CC229564C70027CB26 /* Main.storyboard */; };
		226761D0229564C90027CB26 /* Assets.xcassets in Resources */ = {isa = PBXBuildFile; fileRef = 226761CF229564C90027CB26 /* Assets.xcassets */; };
		226761D3229564C90027CB26 /* LaunchScreen.storyboard in Resources */ = {isa = PBXBuildFile; fileRef = 226761D1229564C90027CB26 /* LaunchScreen.storyboard */; };
		226761DE229564C90027CB26 /* JLSpfRadioViewTests.swift in Sources */ = {isa = PBXBuildFile; fileRef = 226761DD229564C90027CB26 /* JLSpfRadioViewTests.swift */; };
		226761E9229564C90027CB26 /* JLSpfRadioViewUITests.swift in Sources */ = {isa = PBXBuildFile; fileRef = 226761E8229564C90027CB26 /* JLSpfRadioViewUITests.swift */; };
		226761FE229566380027CB26 /* JLSearchView.swift in Sources */ = {isa = PBXBuildFile; fileRef = 226761F8229566370027CB26 /* JLSearchView.swift */; };
		226761FF229566380027CB26 /* JLTabBar.swift in Sources */ = {isa = PBXBuildFile; fileRef = 226761F9229566370027CB26 /* JLTabBar.swift */; };
		22676200229566380027CB26 /* ViewController.swift in Sources */ = {isa = PBXBuildFile; fileRef = 226761FA229566370027CB26 /* ViewController.swift */; };
		22676201229566380027CB26 /* TabBarData.plist in Resources */ = {isa = PBXBuildFile; fileRef = 226761FB229566370027CB26 /* TabBarData.plist */; };
		2267620E2295694C0027CB26 /* LogoCustomView.swift in Sources */ = {isa = PBXBuildFile; fileRef = 2267620A2295694C0027CB26 /* LogoCustomView.swift */; };
		2267620F2295694C0027CB26 /* LoadCustomView.swift in Sources */ = {isa = PBXBuildFile; fileRef = 2267620B2295694C0027CB26 /* LoadCustomView.swift */; };
		226762102295694C0027CB26 /* Load1CustomView.swift in Sources */ = {isa = PBXBuildFile; fileRef = 2267620C2295694C0027CB26 /* Load1CustomView.swift */; };
		226762112295694C0027CB26 /* QCMethod.swift in Sources */ = {isa = PBXBuildFile; fileRef = 2267620D2295694C0027CB26 /* QCMethod.swift */; };
		B6E5AB8396949D7A1855BB45 /* Pods_JLSpfRadioView.framework in Frameworks */ = {isa = PBXBuildFile; fileRef = BDA8D60067C1397551E69419 /* Pods_JLSpfRadioView.framework */; };
/* End PBXBuildFile section */

/* Begin PBXContainerItemProxy section */
		226761DA229564C90027CB26 /* PBXContainerItemProxy */ = {
			isa = PBXContainerItemProxy;
			containerPortal = 226761BD229564C70027CB26 /* Project object */;
			proxyType = 1;
			remoteGlobalIDString = 226761C4229564C70027CB26;
			remoteInfo = JLSpfRadioView;
		};
		226761E5229564C90027CB26 /* PBXContainerItemProxy */ = {
			isa = PBXContainerItemProxy;
			containerPortal = 226761BD229564C70027CB26 /* Project object */;
			proxyType = 1;
			remoteGlobalIDString = 226761C4229564C70027CB26;
			remoteInfo = JLSpfRadioView;
		};
/* End PBXContainerItemProxy section */

/* Begin PBXFileReference section */
		226761C5229564C70027CB26 /* JLSpfRadioView.app */ = {isa = PBXFileReference; explicitFileType = wrapper.application; includeInIndex = 0; path = JLSpfRadioView.app; sourceTree = BUILT_PRODUCTS_DIR; };
		226761C8229564C70027CB26 /* AppDelegate.swift */ = {isa = PBXFileReference; lastKnownFileType = sourcecode.swift; path = AppDelegate.swift; sourceTree = "<group>"; };
		226761CA229564C70027CB26 /* ViewController.swift */ = {isa = PBXFileReference; lastKnownFileType = sourcecode.swift; path = ViewController.swift; sourceTree = "<group>"; };
		226761CD229564C70027CB26 /* Base */ = {isa = PBXFileReference; lastKnownFileType = file.storyboard; name = Base; path = Base.lproj/Main.storyboard; sourceTree = "<group>"; };
		226761CF229564C90027CB26 /* Assets.xcassets */ = {isa = PBXFileReference; lastKnownFileType = folder.assetcatalog; path = Assets.xcassets; sourceTree = "<group>"; };
		226761D2229564C90027CB26 /* Base */ = {isa = PBXFileReference; lastKnownFileType = file.storyboard; name = Base; path = Base.lproj/LaunchScreen.storyboard; sourceTree = "<group>"; };
		226761D4229564C90027CB26 /* Info.plist */ = {isa = PBXFileReference; lastKnownFileType = text.plist.xml; path = Info.plist; sourceTree = "<group>"; };
		226761D9229564C90027CB26 /* JLSpfRadioViewTests.xctest */ = {isa = PBXFileReference; explicitFileType = wrapper.cfbundle; includeInIndex = 0; path = JLSpfRadioViewTests.xctest; sourceTree = BUILT_PRODUCTS_DIR; };
		226761DD229564C90027CB26 /* JLSpfRadioViewTests.swift */ = {isa = PBXFileReference; lastKnownFileType = sourcecode.swift; path = JLSpfRadioViewTests.swift; sourceTree = "<group>"; };
		226761DF229564C90027CB26 /* Info.plist */ = {isa = PBXFileReference; lastKnownFileType = text.plist.xml; path = Info.plist; sourceTree = "<group>"; };
		226761E4229564C90027CB26 /* JLSpfRadioViewUITests.xctest */ = {isa = PBXFileReference; explicitFileType = wrapper.cfbundle; includeInIndex = 0; path = JLSpfRadioViewUITests.xctest; sourceTree = BUILT_PRODUCTS_DIR; };
		226761E8229564C90027CB26 /* JLSpfRadioViewUITests.swift */ = {isa = PBXFileReference; lastKnownFileType = sourcecode.swift; path = JLSpfRadioViewUITests.swift; sourceTree = "<group>"; };
		226761EA229564C90027CB26 /* Info.plist */ = {isa = PBXFileReference; lastKnownFileType = text.plist.xml; path = Info.plist; sourceTree = "<group>"; };
		226761F8229566370027CB26 /* JLSearchView.swift */ = {isa = PBXFileReference; fileEncoding = 4; lastKnownFileType = sourcecode.swift; path = JLSearchView.swift; sourceTree = "<group>"; };
		226761F9229566370027CB26 /* JLTabBar.swift */ = {isa = PBXFileReference; fileEncoding = 4; lastKnownFileType = sourcecode.swift; path = JLTabBar.swift; sourceTree = "<group>"; };
		226761FA229566370027CB26 /* ViewController.swift */ = {isa = PBXFileReference; fileEncoding = 4; lastKnownFileType = sourcecode.swift; path = ViewController.swift; sourceTree = "<group>"; };
		226761FB229566370027CB26 /* TabBarData.plist */ = {isa = PBXFileReference; fileEncoding = 4; lastKnownFileType = text.plist.xml; path = TabBarData.plist; sourceTree = "<group>"; };
		22676203229568C70027CB26 /* 123456.gif */ = {isa = PBXFileReference; lastKnownFileType = image.gif; path = 123456.gif; sourceTree = "<group>"; };
		22676204229568C70027CB26 /* 1111.gif */ = {isa = PBXFileReference; lastKnownFileType = image.gif; path = 1111.gif; sourceTree = "<group>"; };
		22676205229568C70027CB26 /* 20190402134019.gif */ = {isa = PBXFileReference; lastKnownFileType = image.gif; path = 20190402134019.gif; sourceTree = "<group>"; };
		22676206229568C70027CB26 /* 123.jpg */ = {isa = PBXFileReference; lastKnownFileType = image.jpeg; path = 123.jpg; sourceTree = "<group>"; };
		22676207229568C70027CB26 /* 20190402133750.gif */ = {isa = PBXFileReference; lastKnownFileType = image.gif; path = 20190402133750.gif; sourceTree = "<group>"; };
		22676208229568C70027CB26 /* 20190402133640.gif */ = {isa = PBXFileReference; lastKnownFileType = image.gif; path = 20190402133640.gif; sourceTree = "<group>"; };
		2267620A2295694C0027CB26 /* LogoCustomView.swift */ = {isa = PBXFileReference; fileEncoding = 4; lastKnownFileType = sourcecode.swift; path = LogoCustomView.swift; sourceTree = "<group>"; };
		2267620B2295694C0027CB26 /* LoadCustomView.swift */ = {isa = PBXFileReference; fileEncoding = 4; lastKnownFileType = sourcecode.swift; path = LoadCustomView.swift; sourceTree = "<group>"; };
		2267620C2295694C0027CB26 /* Load1CustomView.swift */ = {isa = PBXFileReference; fileEncoding = 4; lastKnownFileType = sourcecode.swift; path = Load1CustomView.swift; sourceTree = "<group>"; };
		2267620D2295694C0027CB26 /* QCMethod.swift */ = {isa = PBXFileReference; fileEncoding = 4; lastKnownFileType = sourcecode.swift; path = QCMethod.swift; sourceTree = "<group>"; };
		4AEFEF32DDA452C239145B0D /* Pods-JLSpfRadioView.release.xcconfig */ = {isa = PBXFileReference; includeInIndex = 1; lastKnownFileType = text.xcconfig; name = "Pods-JLSpfRadioView.release.xcconfig"; path = "Pods/Target Support Files/Pods-JLSpfRadioView/Pods-JLSpfRadioView.release.xcconfig"; sourceTree = "<group>"; };
		BDA8D60067C1397551E69419 /* Pods_JLSpfRadioView.framework */ = {isa = PBXFileReference; explicitFileType = wrapper.framework; includeInIndex = 0; path = Pods_JLSpfRadioView.framework; sourceTree = BUILT_PRODUCTS_DIR; };
		CA70A6F980C3E836BFDB4E1C /* Pods-JLSpfRadioView.debug.xcconfig */ = {isa = PBXFileReference; includeInIndex = 1; lastKnownFileType = text.xcconfig; name = "Pods-JLSpfRadioView.debug.xcconfig"; path = "Pods/Target Support Files/Pods-JLSpfRadioView/Pods-JLSpfRadioView.debug.xcconfig"; sourceTree = "<group>"; };
/* End PBXFileReference section */

/* Begin PBXFrameworksBuildPhase section */
		226761C2229564C70027CB26 /* Frameworks */ = {
			isa = PBXFrameworksBuildPhase;
			buildActionMask = 2147483647;
			files = (
				B6E5AB8396949D7A1855BB45 /* Pods_JLSpfRadioView.framework in Frameworks */,
			);
			runOnlyForDeploymentPostprocessing = 0;
		};
		226761D6229564C90027CB26 /* Frameworks */ = {
			isa = PBXFrameworksBuildPhase;
			buildActionMask = 2147483647;
			files = (
			);
			runOnlyForDeploymentPostprocessing = 0;
		};
		226761E1229564C90027CB26 /* Frameworks */ = {
			isa = PBXFrameworksBuildPhase;
			buildActionMask = 2147483647;
			files = (
			);
			runOnlyForDeploymentPostprocessing = 0;
		};
/* End PBXFrameworksBuildPhase section */

/* Begin PBXGroup section */
		03CB1D815F281540912A01C0 /* Pods */ = {
			isa = PBXGroup;
			children = (
				CA70A6F980C3E836BFDB4E1C /* Pods-JLSpfRadioView.debug.xcconfig */,
				4AEFEF32DDA452C239145B0D /* Pods-JLSpfRadioView.release.xcconfig */,
			);
			name = Pods;
			sourceTree = "<group>";
		};
		226761BC229564C70027CB26 = {
			isa = PBXGroup;
			children = (
				226761C7229564C70027CB26 /* JLSpfRadioView */,
				226761DC229564C90027CB26 /* JLSpfRadioViewTests */,
				226761E7229564C90027CB26 /* JLSpfRadioViewUITests */,
				226761C6229564C70027CB26 /* Products */,
				03CB1D815F281540912A01C0 /* Pods */,
				53E44D6E8CB6E7936850387F /* Frameworks */,
			);
			sourceTree = "<group>";
		};
		226761C6229564C70027CB26 /* Products */ = {
			isa = PBXGroup;
			children = (
				226761C5229564C70027CB26 /* JLSpfRadioView.app */,
				226761D9229564C90027CB26 /* JLSpfRadioViewTests.xctest */,
				226761E4229564C90027CB26 /* JLSpfRadioViewUITests.xctest */,
			);
			name = Products;
			sourceTree = "<group>";
		};
		226761C7229564C70027CB26 /* JLSpfRadioView */ = {
			isa = PBXGroup;
			children = (
				22676209229568F90027CB26 /* Animation Code */,
				226761C8229564C70027CB26 /* AppDelegate.swift */,
				22676202229568C70027CB26 /* image */,
				226761FB229566370027CB26 /* TabBarData.plist */,
				226761CA229564C70027CB26 /* ViewController.swift */,
				226761F8229566370027CB26 /* JLSearchView.swift */,
				226761F9229566370027CB26 /* JLTabBar.swift */,
				226761FA229566370027CB26 /* ViewController.swift */,
				226761CC229564C70027CB26 /* Main.storyboard */,
				226761CF229564C90027CB26 /* Assets.xcassets */,
				226761D1229564C90027CB26 /* LaunchScreen.storyboard */,
				226761D4229564C90027CB26 /* Info.plist */,
			);
			path = JLSpfRadioView;
			sourceTree = "<group>";
		};
		226761DC229564C90027CB26 /* JLSpfRadioViewTests */ = {
			isa = PBXGroup;
			children = (
				226761DD229564C90027CB26 /* JLSpfRadioViewTests.swift */,
				226761DF229564C90027CB26 /* Info.plist */,
			);
			path = JLSpfRadioViewTests;
			sourceTree = "<group>";
		};
		226761E7229564C90027CB26 /* JLSpfRadioViewUITests */ = {
			isa = PBXGroup;
			children = (
				226761E8229564C90027CB26 /* JLSpfRadioViewUITests.swift */,
				226761EA229564C90027CB26 /* Info.plist */,
			);
			path = JLSpfRadioViewUITests;
			sourceTree = "<group>";
		};
		22676202229568C70027CB26 /* image */ = {
			isa = PBXGroup;
			children = (
				22676203229568C70027CB26 /* 123456.gif */,
				22676204229568C70027CB26 /* 1111.gif */,
				22676205229568C70027CB26 /* 20190402134019.gif */,
				22676206229568C70027CB26 /* 123.jpg */,
				22676207229568C70027CB26 /* 20190402133750.gif */,
				22676208229568C70027CB26 /* 20190402133640.gif */,
			);
			path = image;
			sourceTree = "<group>";
		};
		22676209229568F90027CB26 /* Animation Code */ = {
			isa = PBXGroup;
			children = (
				2267620C2295694C0027CB26 /* Load1CustomView.swift */,
				2267620B2295694C0027CB26 /* LoadCustomView.swift */,
				2267620A2295694C0027CB26 /* LogoCustomView.swift */,
				2267620D2295694C0027CB26 /* QCMethod.swift */,
			);
			path = "Animation Code";
			sourceTree = "<group>";
		};
		53E44D6E8CB6E7936850387F /* Frameworks */ = {
			isa = PBXGroup;
			children = (
				BDA8D60067C1397551E69419 /* Pods_JLSpfRadioView.framework */,
			);
			name = Frameworks;
			sourceTree = "<group>";
		};
/* End PBXGroup section */

/* Begin PBXNativeTarget section */
		226761C4229564C70027CB26 /* JLSpfRadioView */ = {
			isa = PBXNativeTarget;
			buildConfigurationList = 226761ED229564C90027CB26 /* Build configuration list for PBXNativeTarget "JLSpfRadioView" */;
			buildPhases = (
				C3F1498D2AC68316E0F4A58B /* [CP] Check Pods Manifest.lock */,
				226761C1229564C70027CB26 /* Sources */,
				226761C2229564C70027CB26 /* Frameworks */,
				226761C3229564C70027CB26 /* Resources */,
				7511EC740F99712BFE40A4D2 /* [CP] Embed Pods Frameworks */,
			);
			buildRules = (
			);
			dependencies = (
			);
			name = JLSpfRadioView;
			productName = JLSpfRadioView;
			productReference = 226761C5229564C70027CB26 /* JLSpfRadioView.app */;
			productType = "com.apple.product-type.application";
		};
		226761D8229564C90027CB26 /* JLSpfRadioViewTests */ = {
			isa = PBXNativeTarget;
			buildConfigurationList = 226761F0229564C90027CB26 /* Build configuration list for PBXNativeTarget "JLSpfRadioViewTests" */;
			buildPhases = (
				226761D5229564C90027CB26 /* Sources */,
				226761D6229564C90027CB26 /* Frameworks */,
				226761D7229564C90027CB26 /* Resources */,
			);
			buildRules = (
			);
			dependencies = (
				226761DB229564C90027CB26 /* PBXTargetDependency */,
			);
			name = JLSpfRadioViewTests;
			productName = JLSpfRadioViewTests;
			productReference = 226761D9229564C90027CB26 /* JLSpfRadioViewTests.xctest */;
			productType = "com.apple.product-type.bundle.unit-test";
		};
		226761E3229564C90027CB26 /* JLSpfRadioViewUITests */ = {
			isa = PBXNativeTarget;
			buildConfigurationList = 226761F3229564C90027CB26 /* Build configuration list for PBXNativeTarget "JLSpfRadioViewUITests" */;
			buildPhases = (
				226761E0229564C90027CB26 /* Sources */,
				226761E1229564C90027CB26 /* Frameworks */,
				226761E2229564C90027CB26 /* Resources */,
			);
			buildRules = (
			);
			dependencies = (
				226761E6229564C90027CB26 /* PBXTargetDependency */,
			);
			name = JLSpfRadioViewUITests;
			productName = JLSpfRadioViewUITests;
			productReference = 226761E4229564C90027CB26 /* JLSpfRadioViewUITests.xctest */;
			productType = "com.apple.product-type.bundle.ui-testing";
		};
/* End PBXNativeTarget section */

/* Begin PBXProject section */
		226761BD229564C70027CB26 /* Project object */ = {
			isa = PBXProject;
			attributes = {
				LastSwiftUpdateCheck = 1010;
				LastUpgradeCheck = 1010;
				ORGANIZATIONNAME = "Jonathan Lu";
				TargetAttributes = {
					226761C4229564C70027CB26 = {
						CreatedOnToolsVersion = 10.1;
					};
					226761D8229564C90027CB26 = {
						CreatedOnToolsVersion = 10.1;
						TestTargetID = 226761C4229564C70027CB26;
					};
					226761E3229564C90027CB26 = {
						CreatedOnToolsVersion = 10.1;
						TestTargetID = 226761C4229564C70027CB26;
					};
				};
			};
			buildConfigurationList = 226761C0229564C70027CB26 /* Build configuration list for PBXProject "JLSpfRadioView" */;
			compatibilityVersion = "Xcode 9.3";
			developmentRegion = en;
			hasScannedForEncodings = 0;
			knownRegions = (
				en,
				Base,
			);
			mainGroup = 226761BC229564C70027CB26;
			productRefGroup = 226761C6229564C70027CB26 /* Products */;
			projectDirPath = "";
			projectRoot = "";
			targets = (
				226761C4229564C70027CB26 /* JLSpfRadioView */,
				226761D8229564C90027CB26 /* JLSpfRadioViewTests */,
				226761E3229564C90027CB26 /* JLSpfRadioViewUITests */,
			);
		};
/* End PBXProject section */

/* Begin PBXResourcesBuildPhase section */
		226761C3229564C70027CB26 /* Resources */ = {
			isa = PBXResourcesBuildPhase;
			buildActionMask = 2147483647;
			files = (
				22676201229566380027CB26 /* TabBarData.plist in Resources */,
				226761D3229564C90027CB26 /* LaunchScreen.storyboard in Resources */,
				226761D0229564C90027CB26 /* Assets.xcassets in Resources */,
				226761CE229564C70027CB26 /* Main.storyboard in Resources */,
			);
			runOnlyForDeploymentPostprocessing = 0;
		};
		226761D7229564C90027CB26 /* Resources */ = {
			isa = PBXResourcesBuildPhase;
			buildActionMask = 2147483647;
			files = (
			);
			runOnlyForDeploymentPostprocessing = 0;
		};
		226761E2229564C90027CB26 /* Resources */ = {
			isa = PBXResourcesBuildPhase;
			buildActionMask = 2147483647;
			files = (
			);
			runOnlyForDeploymentPostprocessing = 0;
		};
/* End PBXResourcesBuildPhase section */

/* Begin PBXShellScriptBuildPhase section */
		7511EC740F99712BFE40A4D2 /* [CP] Embed Pods Frameworks */ = {
			isa = PBXShellScriptBuildPhase;
			buildActionMask = 2147483647;
			files = (
			);
			inputFileListPaths = (
			);
			inputPaths = (
				"${SRCROOT}/Pods/Target Support Files/Pods-JLSpfRadioView/Pods-JLSpfRadioView-frameworks.sh",
				"${BUILT_PRODUCTS_DIR}/Masonry/Masonry.framework",
				"${BUILT_PRODUCTS_DIR}/SDWebImage/SDWebImage.framework",
				"${BUILT_PRODUCTS_DIR}/WHDebugTool/WHDebugTool.framework",
				"${BUILT_PRODUCTS_DIR}/YYKit/YYKit.framework",
			);
			name = "[CP] Embed Pods Frameworks";
			outputFileListPaths = (
			);
			outputPaths = (
				"${TARGET_BUILD_DIR}/${FRAMEWORKS_FOLDER_PATH}/Masonry.framework",
				"${TARGET_BUILD_DIR}/${FRAMEWORKS_FOLDER_PATH}/SDWebImage.framework",
				"${TARGET_BUILD_DIR}/${FRAMEWORKS_FOLDER_PATH}/WHDebugTool.framework",
				"${TARGET_BUILD_DIR}/${FRAMEWORKS_FOLDER_PATH}/YYKit.framework",
			);
			runOnlyForDeploymentPostprocessing = 0;
			shellPath = /bin/sh;
			shellScript = "\"${SRCROOT}/Pods/Target Support Files/Pods-JLSpfRadioView/Pods-JLSpfRadioView-frameworks.sh\"\n";
			showEnvVarsInLog = 0;
		};
		C3F1498D2AC68316E0F4A58B /* [CP] Check Pods Manifest.lock */ = {
			isa = PBXShellScriptBuildPhase;
			buildActionMask = 2147483647;
			files = (
			);
			inputFileListPaths = (
			);
			inputPaths = (
				"${PODS_PODFILE_DIR_PATH}/Podfile.lock",
				"${PODS_ROOT}/Manifest.lock",
			);
			name = "[CP] Check Pods Manifest.lock";
			outputFileListPaths = (
			);
			outputPaths = (
				"$(DERIVED_FILE_DIR)/Pods-JLSpfRadioView-checkManifestLockResult.txt",
			);
			runOnlyForDeploymentPostprocessing = 0;
			shellPath = /bin/sh;
			shellScript = "diff \"${PODS_PODFILE_DIR_PATH}/Podfile.lock\" \"${PODS_ROOT}/Manifest.lock\" > /dev/null\nif [ $? != 0 ] ; then\n    # print error to STDERR\n    echo \"error: The sandbox is not in sync with the Podfile.lock. Run 'pod install' or update your CocoaPods installation.\" >&2\n    exit 1\nfi\n# This output is used by Xcode 'outputs' to avoid re-running this script phase.\necho \"SUCCESS\" > \"${SCRIPT_OUTPUT_FILE_0}\"\n";
			showEnvVarsInLog = 0;
		};
/* End PBXShellScriptBuildPhase section */

/* Begin PBXSourcesBuildPhase section */
		226761C1229564C70027CB26 /* Sources */ = {
			isa = PBXSourcesBuildPhase;
			buildActionMask = 2147483647;
			files = (
				2267620E2295694C0027CB26 /* LogoCustomView.swift in Sources */,
				2267620F2295694C0027CB26 /* LoadCustomView.swift in Sources */,
				22676200229566380027CB26 /* ViewController.swift in Sources */,
				226761FE229566380027CB26 /* JLSearchView.swift in Sources */,
				226761CB229564C70027CB26 /* ViewController.swift in Sources */,
				226761C9229564C70027CB26 /* AppDelegate.swift in Sources */,
				226761FF229566380027CB26 /* JLTabBar.swift in Sources */,
				226762102295694C0027CB26 /* Load1CustomView.swift in Sources */,
				226762112295694C0027CB26 /* QCMethod.swift in Sources */,
			);
			runOnlyForDeploymentPostprocessing = 0;
		};
		226761D5229564C90027CB26 /* Sources */ = {
			isa = PBXSourcesBuildPhase;
			buildActionMask = 2147483647;
			files = (
				226761DE229564C90027CB26 /* JLSpfRadioViewTests.swift in Sources */,
			);
			runOnlyForDeploymentPostprocessing = 0;
		};
		226761E0229564C90027CB26 /* Sources */ = {
			isa = PBXSourcesBuildPhase;
			buildActionMask = 2147483647;
			files = (
				226761E9229564C90027CB26 /* JLSpfRadioViewUITests.swift in Sources */,
			);
			runOnlyForDeploymentPostprocessing = 0;
		};
/* End PBXSourcesBuildPhase section */

/* Begin PBXTargetDependency section */
		226761DB229564C90027CB26 /* PBXTargetDependency */ = {
			isa = PBXTargetDependency;
			target = 226761C4229564C70027CB26 /* JLSpfRadioView */;
			targetProxy = 226761DA229564C90027CB26 /* PBXContainerItemProxy */;
		};
		226761E6229564C90027CB26 /* PBXTargetDependency */ = {
			isa = PBXTargetDependency;
			target = 226761C4229564C70027CB26 /* JLSpfRadioView */;
			targetProxy = 226761E5229564C90027CB26 /* PBXContainerItemProxy */;
		};
/* End PBXTargetDependency section */

/* Begin PBXVariantGroup section */
		226761CC229564C70027CB26 /* Main.storyboard */ = {
			isa = PBXVariantGroup;
			children = (
				226761CD229564C70027CB26 /* Base */,
			);
			name = Main.storyboard;
			sourceTree = "<group>";
		};
		226761D1229564C90027CB26 /* LaunchScreen.storyboard */ = {
			isa = PBXVariantGroup;
			children = (
				226761D2229564C90027CB26 /* Base */,
			);
			name = LaunchScreen.storyboard;
			sourceTree = "<group>";
		};
/* End PBXVariantGroup section */

/* Begin XCBuildConfiguration section */
		226761EB229564C90027CB26 /* Debug */ = {
			isa = XCBuildConfiguration;
			buildSettings = {
				ALWAYS_SEARCH_USER_PATHS = NO;
				CLANG_ANALYZER_NONNULL = YES;
				CLANG_ANALYZER_NUMBER_OBJECT_CONVERSION = YES_AGGRESSIVE;
				CLANG_CXX_LANGUAGE_STANDARD = "gnu++14";
				CLANG_CXX_LIBRARY = "libc++";
				CLANG_ENABLE_MODULES = YES;
				CLANG_ENABLE_OBJC_ARC = YES;
				CLANG_ENABLE_OBJC_WEAK = YES;
				CLANG_WARN_BLOCK_CAPTURE_AUTORELEASING = YES;
				CLANG_WARN_BOOL_CONVERSION = YES;
				CLANG_WARN_COMMA = YES;
				CLANG_WARN_CONSTANT_CONVERSION = YES;
				CLANG_WARN_DEPRECATED_OBJC_IMPLEMENTATIONS = YES;
				CLANG_WARN_DIRECT_OBJC_ISA_USAGE = YES_ERROR;
				CLANG_WARN_DOCUMENTATION_COMMENTS = YES;
				CLANG_WARN_EMPTY_BODY = YES;
				CLANG_WARN_ENUM_CONVERSION = YES;
				CLANG_WARN_INFINITE_RECURSION = YES;
				CLANG_WARN_INT_CONVERSION = YES;
				CLANG_WARN_NON_LITERAL_NULL_CONVERSION = YES;
				CLANG_WARN_OBJC_IMPLICIT_RETAIN_SELF = YES;
				CLANG_WARN_OBJC_LITERAL_CONVERSION = YES;
				CLANG_WARN_OBJC_ROOT_CLASS = YES_ERROR;
				CLANG_WARN_RANGE_LOOP_ANALYSIS = YES;
				CLANG_WARN_STRICT_PROTOTYPES = YES;
				CLANG_WARN_SUSPICIOUS_MOVE = YES;
				CLANG_WARN_UNGUARDED_AVAILABILITY = YES_AGGRESSIVE;
				CLANG_WARN_UNREACHABLE_CODE = YES;
				CLANG_WARN__DUPLICATE_METHOD_MATCH = YES;
				CODE_SIGN_IDENTITY = "iPhone Developer";
				COPY_PHASE_STRIP = NO;
				DEBUG_INFORMATION_FORMAT = dwarf;
				ENABLE_STRICT_OBJC_MSGSEND = YES;
				ENABLE_TESTABILITY = YES;
				GCC_C_LANGUAGE_STANDARD = gnu11;
				GCC_DYNAMIC_NO_PIC = NO;
				GCC_NO_COMMON_BLOCKS = YES;
				GCC_OPTIMIZATION_LEVEL = 0;
				GCC_PREPROCESSOR_DEFINITIONS = (
					"DEBUG=1",
					"$(inherited)",
				);
				GCC_WARN_64_TO_32_BIT_CONVERSION = YES;
				GCC_WARN_ABOUT_RETURN_TYPE = YES_ERROR;
				GCC_WARN_UNDECLARED_SELECTOR = YES;
				GCC_WARN_UNINITIALIZED_AUTOS = YES_AGGRESSIVE;
				GCC_WARN_UNUSED_FUNCTION = YES;
				GCC_WARN_UNUSED_VARIABLE = YES;
				IPHONEOS_DEPLOYMENT_TARGET = 12.1;
				MTL_ENABLE_DEBUG_INFO = INCLUDE_SOURCE;
				MTL_FAST_MATH = YES;
				ONLY_ACTIVE_ARCH = YES;
				SDKROOT = iphoneos;
				SWIFT_ACTIVE_COMPILATION_CONDITIONS = DEBUG;
				SWIFT_OPTIMIZATION_LEVEL = "-Onone";
			};
			name = Debug;
		};
		226761EC229564C90027CB26 /* Release */ = {
			isa = XCBuildConfiguration;
			buildSettings = {
				ALWAYS_SEARCH_USER_PATHS = NO;
				CLANG_ANALYZER_NONNULL = YES;
				CLANG_ANALYZER_NUMBER_OBJECT_CONVERSION = YES_AGGRESSIVE;
				CLANG_CXX_LANGUAGE_STANDARD = "gnu++14";
				CLANG_CXX_LIBRARY = "libc++";
				CLANG_ENABLE_MODULES = YES;
				CLANG_ENABLE_OBJC_ARC = YES;
				CLANG_ENABLE_OBJC_WEAK = YES;
				CLANG_WARN_BLOCK_CAPTURE_AUTORELEASING = YES;
				CLANG_WARN_BOOL_CONVERSION = YES;
				CLANG_WARN_COMMA = YES;
				CLANG_WARN_CONSTANT_CONVERSION = YES;
				CLANG_WARN_DEPRECATED_OBJC_IMPLEMENTATIONS = YES;
				CLANG_WARN_DIRECT_OBJC_ISA_USAGE = YES_ERROR;
				CLANG_WARN_DOCUMENTATION_COMMENTS = YES;
				CLANG_WARN_EMPTY_BODY = YES;
				CLANG_WARN_ENUM_CONVERSION = YES;
				CLANG_WARN_INFINITE_RECURSION = YES;
				CLANG_WARN_INT_CONVERSION = YES;
				CLANG_WARN_NON_LITERAL_NULL_CONVERSION = YES;
				CLANG_WARN_OBJC_IMPLICIT_RETAIN_SELF = YES;
				CLANG_WARN_OBJC_LITERAL_CONVERSION = YES;
				CLANG_WARN_OBJC_ROOT_CLASS = YES_ERROR;
				CLANG_WARN_RANGE_LOOP_ANALYSIS = YES;
				CLANG_WARN_STRICT_PROTOTYPES = YES;
				CLANG_WARN_SUSPICIOUS_MOVE = YES;
				CLANG_WARN_UNGUARDED_AVAILABILITY = YES_AGGRESSIVE;
				CLANG_WARN_UNREACHABLE_CODE = YES;
				CLANG_WARN__DUPLICATE_METHOD_MATCH = YES;
				CODE_SIGN_IDENTITY = "iPhone Developer";
				COPY_PHASE_STRIP = NO;
				DEBUG_INFORMATION_FORMAT = "dwarf-with-dsym";
				ENABLE_NS_ASSERTIONS = NO;
				ENABLE_STRICT_OBJC_MSGSEND = YES;
				GCC_C_LANGUAGE_STANDARD = gnu11;
				GCC_NO_COMMON_BLOCKS = YES;
				GCC_WARN_64_TO_32_BIT_CONVERSION = YES;
				GCC_WARN_ABOUT_RETURN_TYPE = YES_ERROR;
				GCC_WARN_UNDECLARED_SELECTOR = YES;
				GCC_WARN_UNINITIALIZED_AUTOS = YES_AGGRESSIVE;
				GCC_WARN_UNUSED_FUNCTION = YES;
				GCC_WARN_UNUSED_VARIABLE = YES;
				IPHONEOS_DEPLOYMENT_TARGET = 12.1;
				MTL_ENABLE_DEBUG_INFO = NO;
				MTL_FAST_MATH = YES;
				SDKROOT = iphoneos;
				SWIFT_COMPILATION_MODE = wholemodule;
				SWIFT_OPTIMIZATION_LEVEL = "-O";
				VALIDATE_PRODUCT = YES;
			};
			name = Release;
		};
		226761EE229564C90027CB26 /* Debug */ = {
			isa = XCBuildConfiguration;
			baseConfigurationReference = CA70A6F980C3E836BFDB4E1C /* Pods-JLSpfRadioView.debug.xcconfig */;
			buildSettings = {
				ASSETCATALOG_COMPILER_APPICON_NAME = AppIcon;
				CODE_SIGN_STYLE = Automatic;
				DEVELOPMENT_TEAM = 3826XM56GE;
				INFOPLIST_FILE = JLSpfRadioView/Info.plist;
				LD_RUNPATH_SEARCH_PATHS = (
					"$(inherited)",
					"@executable_path/Frameworks",
				);
				PRODUCT_BUNDLE_IDENTIFIER = other.JLSpfRadioView;
				PRODUCT_NAME = "$(TARGET_NAME)";
				SWIFT_VERSION = 4.2;
				TARGETED_DEVICE_FAMILY = "1,2";
			};
			name = Debug;
		};
		226761EF229564C90027CB26 /* Release */ = {
			isa = XCBuildConfiguration;
			baseConfigurationReference = 4AEFEF32DDA452C239145B0D /* Pods-JLSpfRadioView.release.xcconfig */;
			buildSettings = {
				ASSETCATALOG_COMPILER_APPICON_NAME = AppIcon;
				CODE_SIGN_STYLE = Automatic;
				DEVELOPMENT_TEAM = 3826XM56GE;
				INFOPLIST_FILE = JLSpfRadioView/Info.plist;
				LD_RUNPATH_SEARCH_PATHS = (
					"$(inherited)",
					"@executable_path/Frameworks",
				);
				PRODUCT_BUNDLE_IDENTIFIER = other.JLSpfRadioView;
				PRODUCT_NAME = "$(TARGET_NAME)";
				SWIFT_VERSION = 4.2;
				TARGETED_DEVICE_FAMILY = "1,2";
			};
			name = Release;
		};
		226761F1229564C90027CB26 /* Debug */ = {
			isa = XCBuildConfiguration;
			buildSettings = {
				ALWAYS_EMBED_SWIFT_STANDARD_LIBRARIES = YES;
				BUNDLE_LOADER = "$(TEST_HOST)";
				CODE_SIGN_STYLE = Automatic;
				DEVELOPMENT_TEAM = 3826XM56GE;
				INFOPLIST_FILE = JLSpfRadioViewTests/Info.plist;
				LD_RUNPATH_SEARCH_PATHS = (
					"$(inherited)",
					"@executable_path/Frameworks",
					"@loader_path/Frameworks",
				);
				PRODUCT_BUNDLE_IDENTIFIER = other.JLSpfRadioViewTests;
				PRODUCT_NAME = "$(TARGET_NAME)";
				SWIFT_VERSION = 4.2;
				TARGETED_DEVICE_FAMILY = "1,2";
				TEST_HOST = "$(BUILT_PRODUCTS_DIR)/JLSpfRadioView.app/JLSpfRadioView";
			};
			name = Debug;
		};
		226761F2229564C90027CB26 /* Release */ = {
			isa = XCBuildConfiguration;
			buildSettings = {
				ALWAYS_EMBED_SWIFT_STANDARD_LIBRARIES = YES;
				BUNDLE_LOADER = "$(TEST_HOST)";
				CODE_SIGN_STYLE = Automatic;
				DEVELOPMENT_TEAM = 3826XM56GE;
				INFOPLIST_FILE = JLSpfRadioViewTests/Info.plist;
				LD_RUNPATH_SEARCH_PATHS = (
					"$(inherited)",
					"@executable_path/Frameworks",
					"@loader_path/Frameworks",
				);
				PRODUCT_BUNDLE_IDENTIFIER = other.JLSpfRadioViewTests;
				PRODUCT_NAME = "$(TARGET_NAME)";
				SWIFT_VERSION = 4.2;
				TARGETED_DEVICE_FAMILY = "1,2";
				TEST_HOST = "$(BUILT_PRODUCTS_DIR)/JLSpfRadioView.app/JLSpfRadioView";
			};
			name = Release;
		};
		226761F4229564C90027CB26 /* Debug */ = {
			isa = XCBuildConfiguration;
			buildSettings = {
				ALWAYS_EMBED_SWIFT_STANDARD_LIBRARIES = YES;
				CODE_SIGN_STYLE = Automatic;
				DEVELOPMENT_TEAM = 3826XM56GE;
				INFOPLIST_FILE = JLSpfRadioViewUITests/Info.plist;
				LD_RUNPATH_SEARCH_PATHS = (
					"$(inherited)",
					"@executable_path/Frameworks",
					"@loader_path/Frameworks",
				);
				PRODUCT_BUNDLE_IDENTIFIER = other.JLSpfRadioViewUITests;
				PRODUCT_NAME = "$(TARGET_NAME)";
				SWIFT_VERSION = 4.2;
				TARGETED_DEVICE_FAMILY = "1,2";
				TEST_TARGET_NAME = JLSpfRadioView;
			};
			name = Debug;
		};
		226761F5229564C90027CB26 /* Release */ = {
			isa = XCBuildConfiguration;
			buildSettings = {
				ALWAYS_EMBED_SWIFT_STANDARD_LIBRARIES = YES;
				CODE_SIGN_STYLE = Automatic;
				DEVELOPMENT_TEAM = 3826XM56GE;
				INFOPLIST_FILE = JLSpfRadioViewUITests/Info.plist;
				LD_RUNPATH_SEARCH_PATHS = (
					"$(inherited)",
					"@executable_path/Frameworks",
					"@loader_path/Frameworks",
				);
				PRODUCT_BUNDLE_IDENTIFIER = other.JLSpfRadioViewUITests;
				PRODUCT_NAME = "$(TARGET_NAME)";
				SWIFT_VERSION = 4.2;
				TARGETED_DEVICE_FAMILY = "1,2";
				TEST_TARGET_NAME = JLSpfRadioView;
			};
			name = Release;
		};
/* End XCBuildConfiguration section */

/* Begin XCConfigurationList section */
		226761C0229564C70027CB26 /* Build configuration list for PBXProject "JLSpfRadioView" */ = {
			isa = XCConfigurationList;
			buildConfigurations = (
				226761EB229564C90027CB26 /* Debug */,
				226761EC229564C90027CB26 /* Release */,
			);
			defaultConfigurationIsVisible = 0;
			defaultConfigurationName = Release;
		};
		226761ED229564C90027CB26 /* Build configuration list for PBXNativeTarget "JLSpfRadioView" */ = {
			isa = XCConfigurationList;
			buildConfigurations = (
				226761EE229564C90027CB26 /* Debug */,
				226761EF229564C90027CB26 /* Release */,
			);
			defaultConfigurationIsVisible = 0;
			defaultConfigurationName = Release;
		};
		226761F0229564C90027CB26 /* Build configuration list for PBXNativeTarget "JLSpfRadioViewTests" */ = {
			isa = XCConfigurationList;
			buildConfigurations = (
				226761F1229564C90027CB26 /* Debug */,
				226761F2229564C90027CB26 /* Release */,
			);
			defaultConfigurationIsVisible = 0;
			defaultConfigurationName = Release;
		};
		226761F3229564C90027CB26 /* Build configuration list for PBXNativeTarget "JLSpfRadioViewUITests" */ = {
			isa = XCConfigurationList;
			buildConfigurations = (
				226761F4229564C90027CB26 /* Debug */,
				226761F5229564C90027CB26 /* Release */,
			);
			defaultConfigurationIsVisible = 0;
			defaultConfigurationName = Release;
		};
/* End XCConfigurationList section */
	};
	rootObject = 226761BD229564C70027CB26 /* Project object */;
}
